// !$*UTF8*$!
{
	archiveVersion = 1;
	classes = {
	};
	objectVersion = 50;
	objects = {

/* Begin PBXBuildFile section */
		6D4E9A4E2423C34200C6E908 /* ListModel_HomePage.m in Sources */ = {isa = PBXBuildFile; fileRef = 6D4E9A4D2423C34200C6E908 /* ListModel_HomePage.m */; };
		6D4E9A512423C36E00C6E908 /* ListCell_HomePage.m in Sources */ = {isa = PBXBuildFile; fileRef = 6D4E9A502423C36E00C6E908 /* ListCell_HomePage.m */; };
		6D65BDFA241FB79C00EA38C8 /* AppDelegate.m in Sources */ = {isa = PBXBuildFile; fileRef = 6D65BDF9241FB79C00EA38C8 /* AppDelegate.m */; };
		6D65BDFD241FB79C00EA38C8 /* SceneDelegate.m in Sources */ = {isa = PBXBuildFile; fileRef = 6D65BDFC241FB79C00EA38C8 /* SceneDelegate.m */; };
		6D65BE00241FB79C00EA38C8 /* ViewController.m in Sources */ = {isa = PBXBuildFile; fileRef = 6D65BDFF241FB79C00EA38C8 /* ViewController.m */; };
		6D65BE03241FB79C00EA38C8 /* Main.storyboard in Resources */ = {isa = PBXBuildFile; fileRef = 6D65BE01241FB79C00EA38C8 /* Main.storyboard */; };
		6D65BE06241FB79C00EA38C8 /* ____.xcdatamodeld in Sources */ = {isa = PBXBuildFile; fileRef = 6D65BE04241FB79C00EA38C8 /* ____.xcdatamodeld */; };
		6D65BE08241FB79D00EA38C8 /* Assets.xcassets in Resources */ = {isa = PBXBuildFile; fileRef = 6D65BE07241FB79D00EA38C8 /* Assets.xcassets */; };
		6D65BE0B241FB79D00EA38C8 /* LaunchScreen.storyboard in Resources */ = {isa = PBXBuildFile; fileRef = 6D65BE09241FB79D00EA38C8 /* LaunchScreen.storyboard */; };
		6D65BE0E241FB79D00EA38C8 /* main.m in Sources */ = {isa = PBXBuildFile; fileRef = 6D65BE0D241FB79D00EA38C8 /* main.m */; };
		6D65BE54241FBA0900EA38C8 /* back_white.png in Resources */ = {isa = PBXBuildFile; fileRef = 6D65BE3B241FBA0800EA38C8 /* back_white.png */; };
		6D65BE55241FBA0900EA38C8 /* tab-7.jpg in Resources */ = {isa = PBXBuildFile; fileRef = 6D65BE3C241FBA0800EA38C8 /* tab-7.jpg */; };
		6D65BE56241FBA0900EA38C8 /* weibo.png in Resources */ = {isa = PBXBuildFile; fileRef = 6D65BE3D241FBA0800EA38C8 /* weibo.png */; };
		6D65BE57241FBA0900EA38C8 /* tab-4.jpg in Resources */ = {isa = PBXBuildFile; fileRef = 6D65BE3E241FBA0800EA38C8 /* tab-4.jpg */; };
		6D65BE58241FBA0900EA38C8 /* liukanshan.png in Resources */ = {isa = PBXBuildFile; fileRef = 6D65BE3F241FBA0800EA38C8 /* liukanshan.png */; };
		6D65BE59241FBA0900EA38C8 /* scroll_3.jpg in Resources */ = {isa = PBXBuildFile; fileRef = 6D65BE40241FBA0800EA38C8 /* scroll_3.jpg */; };
		6D65BE5A241FBA0900EA38C8 /* tab-3.jpg in Resources */ = {isa = PBXBuildFile; fileRef = 6D65BE41241FBA0800EA38C8 /* tab-3.jpg */; };
		6D65BE5B241FBA0900EA38C8 /* sun.png in Resources */ = {isa = PBXBuildFile; fileRef = 6D65BE42241FBA0800EA38C8 /* sun.png */; };
		6D65BE5C241FBA0900EA38C8 /* verticalLine.png in Resources */ = {isa = PBXBuildFile; fileRef = 6D65BE43241FBA0800EA38C8 /* verticalLine.png */; };
		6D65BE5D241FBA0900EA38C8 /* tab-1.jpg in Resources */ = {isa = PBXBuildFile; fileRef = 6D65BE44241FBA0800EA38C8 /* tab-1.jpg */; };
		6D65BE5E241FBA0900EA38C8 /* tab-2.jpg in Resources */ = {isa = PBXBuildFile; fileRef = 6D65BE45241FBA0800EA38C8 /* tab-2.jpg */; };
		6D65BE5F241FBA0900EA38C8 /* zhihu.png in Resources */ = {isa = PBXBuildFile; fileRef = 6D65BE46241FBA0800EA38C8 /* zhihu.png */; };
		6D65BE60241FBA0900EA38C8 /* tab-5.jpg in Resources */ = {isa = PBXBuildFile; fileRef = 6D65BE47241FBA0800EA38C8 /* tab-5.jpg */; };
		6D65BE61241FBA0900EA38C8 /* scroll_0.jpg in Resources */ = {isa = PBXBuildFile; fileRef = 6D65BE48241FBA0800EA38C8 /* scroll_0.jpg */; };
		6D65BE62241FBA0900EA38C8 /* tab-8.jpg in Resources */ = {isa = PBXBuildFile; fileRef = 6D65BE49241FBA0800EA38C8 /* tab-8.jpg */; };
		6D65BE63241FBA0900EA38C8 /* setting.png in Resources */ = {isa = PBXBuildFile; fileRef = 6D65BE4A241FBA0800EA38C8 /* setting.png */; };
		6D65BE64241FBA0900EA38C8 /* tab-0.jpg in Resources */ = {isa = PBXBuildFile; fileRef = 6D65BE4B241FBA0800EA38C8 /* tab-0.jpg */; };
		6D65BE65241FBA0900EA38C8 /* scroll_4.jpg in Resources */ = {isa = PBXBuildFile; fileRef = 6D65BE4C241FBA0800EA38C8 /* scroll_4.jpg */; };
		6D65BE66241FBA0900EA38C8 /* tab-6.jpg in Resources */ = {isa = PBXBuildFile; fileRef = 6D65BE4D241FBA0800EA38C8 /* tab-6.jpg */; };
		6D65BE67241FBA0900EA38C8 /* back1.png in Resources */ = {isa = PBXBuildFile; fileRef = 6D65BE4E241FBA0800EA38C8 /* back1.png */; };
		6D65BE68241FBA0900EA38C8 /* scroll_2.jpg in Resources */ = {isa = PBXBuildFile; fileRef = 6D65BE4F241FBA0800EA38C8 /* scroll_2.jpg */; };
		6D65BE69241FBA0900EA38C8 /* scroll_1.jpg in Resources */ = {isa = PBXBuildFile; fileRef = 6D65BE50241FBA0800EA38C8 /* scroll_1.jpg */; };
		6D65BE6A241FBA0900EA38C8 /* liukanshan_circle.png in Resources */ = {isa = PBXBuildFile; fileRef = 6D65BE51241FBA0800EA38C8 /* liukanshan_circle.png */; };
		6D65BE6B241FBA0900EA38C8 /* back_black.png in Resources */ = {isa = PBXBuildFile; fileRef = 6D65BE52241FBA0800EA38C8 /* back_black.png */; };
		6D65BE6C241FBA0900EA38C8 /* moon.png in Resources */ = {isa = PBXBuildFile; fileRef = 6D65BE53241FBA0800EA38C8 /* moon.png */; };
		6D65BE70241FCD7200EA38C8 /* LoginViewController.m in Sources */ = {isa = PBXBuildFile; fileRef = 6D65BE6F241FCD7200EA38C8 /* LoginViewController.m */; };
		6D65BE73241FDC5200EA38C8 /* ArticlePageController.m in Sources */ = {isa = PBXBuildFile; fileRef = 6D65BE72241FDC5200EA38C8 /* ArticlePageController.m */; };
		6D65BE7824201AFD00EA38C8 /* share.png in Resources */ = {isa = PBXBuildFile; fileRef = 6D65BE7424201AFC00EA38C8 /* share.png */; };
		6D65BE7924201AFD00EA38C8 /* comment.png in Resources */ = {isa = PBXBuildFile; fileRef = 6D65BE7524201AFC00EA38C8 /* comment.png */; };
		6D65BE7A24201AFD00EA38C8 /* good.png in Resources */ = {isa = PBXBuildFile; fileRef = 6D65BE7624201AFC00EA38C8 /* good.png */; };
		6D65BE7B24201AFD00EA38C8 /* star.png in Resources */ = {isa = PBXBuildFile; fileRef = 6D65BE7724201AFD00EA38C8 /* star.png */; };
		6D65BE7E24204C2500EA38C8 /* WebsitePageController.m in Sources */ = {isa = PBXBuildFile; fileRef = 6D65BE7D24204C2500EA38C8 /* WebsitePageController.m */; };
		6D65BE81242089E600EA38C8 /* SettingPageController.m in Sources */ = {isa = PBXBuildFile; fileRef = 6D65BE80242089E600EA38C8 /* SettingPageController.m */; };
		6DDD9681242316C8003CF93C /* ListCell_FirstSection.m in Sources */ = {isa = PBXBuildFile; fileRef = 6DDD9680242316C8003CF93C /* ListCell_FirstSection.m */; };
		6DDD9684242316EE003CF93C /* ListModel_FirstSection.m in Sources */ = {isa = PBXBuildFile; fileRef = 6DDD9683242316EE003CF93C /* ListModel_FirstSection.m */; };
/* End PBXBuildFile section */

/* Begin PBXContainerItemProxy section */
		6DAD9FDD24404CE100B25221 /* PBXContainerItemProxy */ = {
			isa = PBXContainerItemProxy;
			containerPortal = 6DAD9FD824404CE100B25221 /* Pods.xcodeproj */;
			proxyType = 2;
			remoteGlobalIDString = 1FFED36A657123030ABB700256D73F15;
			remoteInfo = Masonry;
		};
		6DAD9FDF24404CE100B25221 /* PBXContainerItemProxy */ = {
			isa = PBXContainerItemProxy;
			containerPortal = 6DAD9FD824404CE100B25221 /* Pods.xcodeproj */;
			proxyType = 2;
			remoteGlobalIDString = DB20D573919A4BDD1B571E0CC2EFE402;
			remoteInfo = "Pods-京城日报";
		};
/* End PBXContainerItemProxy section */

/* Begin PBXFileReference section */
		218FEEB44A9DE9E593B2FB4D /* Pods-京城日报.release.xcconfig */ = {isa = PBXFileReference; includeInIndex = 1; lastKnownFileType = text.xcconfig; name = "Pods-京城日报.release.xcconfig"; path = "Target Support Files/Pods-京城日报/Pods-京城日报.release.xcconfig"; sourceTree = "<group>"; };
		6D4E9A4C2423C34200C6E908 /* ListModel_HomePage.h */ = {isa = PBXFileReference; lastKnownFileType = sourcecode.c.h; path = ListModel_HomePage.h; sourceTree = "<group>"; };
		6D4E9A4D2423C34200C6E908 /* ListModel_HomePage.m */ = {isa = PBXFileReference; lastKnownFileType = sourcecode.c.objc; path = ListModel_HomePage.m; sourceTree = "<group>"; };
		6D4E9A4F2423C36E00C6E908 /* ListCell_HomePage.h */ = {isa = PBXFileReference; lastKnownFileType = sourcecode.c.h; path = ListCell_HomePage.h; sourceTree = "<group>"; };
		6D4E9A502423C36E00C6E908 /* ListCell_HomePage.m */ = {isa = PBXFileReference; lastKnownFileType = sourcecode.c.objc; path = ListCell_HomePage.m; sourceTree = "<group>"; };
		6D65BDF5241FB79C00EA38C8 /* 京城日报.app */ = {isa = PBXFileReference; explicitFileType = wrapper.application; includeInIndex = 0; path = "京城日报.app"; sourceTree = BUILT_PRODUCTS_DIR; };
		6D65BDF8241FB79C00EA38C8 /* AppDelegate.h */ = {isa = PBXFileReference; lastKnownFileType = sourcecode.c.h; path = AppDelegate.h; sourceTree = "<group>"; };
		6D65BDF9241FB79C00EA38C8 /* AppDelegate.m */ = {isa = PBXFileReference; lastKnownFileType = sourcecode.c.objc; path = AppDelegate.m; sourceTree = "<group>"; };
		6D65BDFB241FB79C00EA38C8 /* SceneDelegate.h */ = {isa = PBXFileReference; lastKnownFileType = sourcecode.c.h; path = SceneDelegate.h; sourceTree = "<group>"; };
		6D65BDFC241FB79C00EA38C8 /* SceneDelegate.m */ = {isa = PBXFileReference; lastKnownFileType = sourcecode.c.objc; path = SceneDelegate.m; sourceTree = "<group>"; };
		6D65BDFE241FB79C00EA38C8 /* ViewController.h */ = {isa = PBXFileReference; lastKnownFileType = sourcecode.c.h; path = ViewController.h; sourceTree = "<group>"; };
		6D65BDFF241FB79C00EA38C8 /* ViewController.m */ = {isa = PBXFileReference; lastKnownFileType = sourcecode.c.objc; path = ViewController.m; sourceTree = "<group>"; };
		6D65BE02241FB79C00EA38C8 /* Base */ = {isa = PBXFileReference; lastKnownFileType = file.storyboard; name = Base; path = Base.lproj/Main.storyboard; sourceTree = "<group>"; };
		6D65BE05241FB79C00EA38C8 /* ____.xcdatamodel */ = {isa = PBXFileReference; lastKnownFileType = wrapper.xcdatamodel; path = "____.xcdatamodel"; sourceTree = "<group>"; };
		6D65BE07241FB79D00EA38C8 /* Assets.xcassets */ = {isa = PBXFileReference; lastKnownFileType = folder.assetcatalog; path = Assets.xcassets; sourceTree = "<group>"; };
		6D65BE0A241FB79D00EA38C8 /* Base */ = {isa = PBXFileReference; lastKnownFileType = file.storyboard; name = Base; path = Base.lproj/LaunchScreen.storyboard; sourceTree = "<group>"; };
		6D65BE0C241FB79D00EA38C8 /* Info.plist */ = {isa = PBXFileReference; lastKnownFileType = text.plist.xml; path = Info.plist; sourceTree = "<group>"; };
		6D65BE0D241FB79D00EA38C8 /* main.m */ = {isa = PBXFileReference; lastKnownFileType = sourcecode.c.objc; path = main.m; sourceTree = "<group>"; };
		6D65BE3B241FBA0800EA38C8 /* back_white.png */ = {isa = PBXFileReference; lastKnownFileType = image.png; path = back_white.png; sourceTree = "<group>"; };
		6D65BE3C241FBA0800EA38C8 /* tab-7.jpg */ = {isa = PBXFileReference; lastKnownFileType = image.jpeg; path = "tab-7.jpg"; sourceTree = "<group>"; };
		6D65BE3D241FBA0800EA38C8 /* weibo.png */ = {isa = PBXFileReference; lastKnownFileType = image.png; path = weibo.png; sourceTree = "<group>"; };
		6D65BE3E241FBA0800EA38C8 /* tab-4.jpg */ = {isa = PBXFileReference; lastKnownFileType = image.jpeg; path = "tab-4.jpg"; sourceTree = "<group>"; };
		6D65BE3F241FBA0800EA38C8 /* liukanshan.png */ = {isa = PBXFileReference; lastKnownFileType = image.png; path = liukanshan.png; sourceTree = "<group>"; };
		6D65BE40241FBA0800EA38C8 /* scroll_3.jpg */ = {isa = PBXFileReference; lastKnownFileType = image.jpeg; path = scroll_3.jpg; sourceTree = "<group>"; };
		6D65BE41241FBA0800EA38C8 /* tab-3.jpg */ = {isa = PBXFileReference; lastKnownFileType = image.jpeg; path = "tab-3.jpg"; sourceTree = "<group>"; };
		6D65BE42241FBA0800EA38C8 /* sun.png */ = {isa = PBXFileReference; lastKnownFileType = image.png; path = sun.png; sourceTree = "<group>"; };
		6D65BE43241FBA0800EA38C8 /* verticalLine.png */ = {isa = PBXFileReference; lastKnownFileType = image.png; path = verticalLine.png; sourceTree = "<group>"; };
		6D65BE44241FBA0800EA38C8 /* tab-1.jpg */ = {isa = PBXFileReference; lastKnownFileType = image.jpeg; path = "tab-1.jpg"; sourceTree = "<group>"; };
		6D65BE45241FBA0800EA38C8 /* tab-2.jpg */ = {isa = PBXFileReference; lastKnownFileType = image.jpeg; path = "tab-2.jpg"; sourceTree = "<group>"; };
		6D65BE46241FBA0800EA38C8 /* zhihu.png */ = {isa = PBXFileReference; lastKnownFileType = image.png; path = zhihu.png; sourceTree = "<group>"; };
		6D65BE47241FBA0800EA38C8 /* tab-5.jpg */ = {isa = PBXFileReference; lastKnownFileType = image.jpeg; path = "tab-5.jpg"; sourceTree = "<group>"; };
		6D65BE48241FBA0800EA38C8 /* scroll_0.jpg */ = {isa = PBXFileReference; lastKnownFileType = image.jpeg; path = scroll_0.jpg; sourceTree = "<group>"; };
		6D65BE49241FBA0800EA38C8 /* tab-8.jpg */ = {isa = PBXFileReference; lastKnownFileType = image.jpeg; path = "tab-8.jpg"; sourceTree = "<group>"; };
		6D65BE4A241FBA0800EA38C8 /* setting.png */ = {isa = PBXFileReference; lastKnownFileType = image.png; path = setting.png; sourceTree = "<group>"; };
		6D65BE4B241FBA0800EA38C8 /* tab-0.jpg */ = {isa = PBXFileReference; lastKnownFileType = image.jpeg; path = "tab-0.jpg"; sourceTree = "<group>"; };
		6D65BE4C241FBA0800EA38C8 /* scroll_4.jpg */ = {isa = PBXFileReference; lastKnownFileType = image.jpeg; path = scroll_4.jpg; sourceTree = "<group>"; };
		6D65BE4D241FBA0800EA38C8 /* tab-6.jpg */ = {isa = PBXFileReference; lastKnownFileType = image.jpeg; path = "tab-6.jpg"; sourceTree = "<group>"; };
		6D65BE4E241FBA0800EA38C8 /* back1.png */ = {isa = PBXFileReference; lastKnownFileType = image.png; path = back1.png; sourceTree = "<group>"; };
		6D65BE4F241FBA0800EA38C8 /* scroll_2.jpg */ = {isa = PBXFileReference; lastKnownFileType = image.jpeg; path = scroll_2.jpg; sourceTree = "<group>"; };
		6D65BE50241FBA0800EA38C8 /* scroll_1.jpg */ = {isa = PBXFileReference; lastKnownFileType = image.jpeg; path = scroll_1.jpg; sourceTree = "<group>"; };
		6D65BE51241FBA0800EA38C8 /* liukanshan_circle.png */ = {isa = PBXFileReference; lastKnownFileType = image.png; path = liukanshan_circle.png; sourceTree = "<group>"; };
		6D65BE52241FBA0800EA38C8 /* back_black.png */ = {isa = PBXFileReference; lastKnownFileType = image.png; path = back_black.png; sourceTree = "<group>"; };
		6D65BE53241FBA0800EA38C8 /* moon.png */ = {isa = PBXFileReference; lastKnownFileType = image.png; path = moon.png; sourceTree = "<group>"; };
		6D65BE6E241FCD7200EA38C8 /* LoginViewController.h */ = {isa = PBXFileReference; lastKnownFileType = sourcecode.c.h; path = LoginViewController.h; sourceTree = "<group>"; };
		6D65BE6F241FCD7200EA38C8 /* LoginViewController.m */ = {isa = PBXFileReference; lastKnownFileType = sourcecode.c.objc; path = LoginViewController.m; sourceTree = "<group>"; };
		6D65BE71241FDC5200EA38C8 /* ArticlePageController.h */ = {isa = PBXFileReference; lastKnownFileType = sourcecode.c.h; path = ArticlePageController.h; sourceTree = "<group>"; };
		6D65BE72241FDC5200EA38C8 /* ArticlePageController.m */ = {isa = PBXFileReference; lastKnownFileType = sourcecode.c.objc; path = ArticlePageController.m; sourceTree = "<group>"; };
		6D65BE7424201AFC00EA38C8 /* share.png */ = {isa = PBXFileReference; lastKnownFileType = image.png; path = share.png; sourceTree = "<group>"; };
		6D65BE7524201AFC00EA38C8 /* comment.png */ = {isa = PBXFileReference; lastKnownFileType = image.png; path = comment.png; sourceTree = "<group>"; };
		6D65BE7624201AFC00EA38C8 /* good.png */ = {isa = PBXFileReference; lastKnownFileType = image.png; path = good.png; sourceTree = "<group>"; };
		6D65BE7724201AFD00EA38C8 /* star.png */ = {isa = PBXFileReference; lastKnownFileType = image.png; path = star.png; sourceTree = "<group>"; };
		6D65BE7C24204C2500EA38C8 /* WebsitePageController.h */ = {isa = PBXFileReference; lastKnownFileType = sourcecode.c.h; path = WebsitePageController.h; sourceTree = "<group>"; };
		6D65BE7D24204C2500EA38C8 /* WebsitePageController.m */ = {isa = PBXFileReference; lastKnownFileType = sourcecode.c.objc; path = WebsitePageController.m; sourceTree = "<group>"; };
		6D65BE7F242089E600EA38C8 /* SettingPageController.h */ = {isa = PBXFileReference; lastKnownFileType = sourcecode.c.h; path = SettingPageController.h; sourceTree = "<group>"; };
		6D65BE80242089E600EA38C8 /* SettingPageController.m */ = {isa = PBXFileReference; lastKnownFileType = sourcecode.c.objc; path = SettingPageController.m; sourceTree = "<group>"; };
		6DAD9FD824404CE100B25221 /* Pods.xcodeproj */ = {isa = PBXFileReference; lastKnownFileType = "wrapper.pb-project"; name = Pods.xcodeproj; path = Pods/Pods.xcodeproj; sourceTree = "<group>"; };
		6DDD967F242316C8003CF93C /* ListCell_FirstSection.h */ = {isa = PBXFileReference; lastKnownFileType = sourcecode.c.h; path = ListCell_FirstSection.h; sourceTree = "<group>"; };
		6DDD9680242316C8003CF93C /* ListCell_FirstSection.m */ = {isa = PBXFileReference; lastKnownFileType = sourcecode.c.objc; path = ListCell_FirstSection.m; sourceTree = "<group>"; };
		6DDD9682242316EE003CF93C /* ListModel_FirstSection.h */ = {isa = PBXFileReference; lastKnownFileType = sourcecode.c.h; path = ListModel_FirstSection.h; sourceTree = "<group>"; };
		6DDD9683242316EE003CF93C /* ListModel_FirstSection.m */ = {isa = PBXFileReference; lastKnownFileType = sourcecode.c.objc; path = ListModel_FirstSection.m; sourceTree = "<group>"; };
		716E1F84476A5665F0EA195C /* Pods-京城日报.debug.xcconfig */ = {isa = PBXFileReference; includeInIndex = 1; lastKnownFileType = text.xcconfig; name = "Pods-京城日报.debug.xcconfig"; path = "Target Support Files/Pods-京城日报/Pods-京城日报.debug.xcconfig"; sourceTree = "<group>"; };
		F5664D8E9D02C339D55D0178 /* libPods-京城日报.a */ = {isa = PBXFileReference; explicitFileType = archive.ar; includeInIndex = 0; path = "libPods-京城日报.a"; sourceTree = BUILT_PRODUCTS_DIR; };
/* End PBXFileReference section */

/* Begin PBXFrameworksBuildPhase section */
		6D65BDF2241FB79C00EA38C8 /* Frameworks */ = {
			isa = PBXFrameworksBuildPhase;
			buildActionMask = 2147483647;
			files = (
			);
			runOnlyForDeploymentPostprocessing = 0;
		};
/* End PBXFrameworksBuildPhase section */

/* Begin PBXGroup section */
		0626BEEDB114174C2CE7ADDD /* Pods */ = {
			isa = PBXGroup;
			children = (
				716E1F84476A5665F0EA195C /* Pods-京城日报.debug.xcconfig */,
				218FEEB44A9DE9E593B2FB4D /* Pods-京城日报.release.xcconfig */,
			);
			path = Pods;
			sourceTree = "<group>";
		};
		6D65BDEC241FB79C00EA38C8 = {
			isa = PBXGroup;
			children = (
				6D65BDF7241FB79C00EA38C8 /* 京城日报 */,
				6D65BDF6241FB79C00EA38C8 /* Products */,
				0626BEEDB114174C2CE7ADDD /* Pods */,
				AD71433C8677DF630E3933C9 /* Frameworks */,
			);
			sourceTree = "<group>";
		};
		6D65BDF6241FB79C00EA38C8 /* Products */ = {
			isa = PBXGroup;
			children = (
				6D65BDF5241FB79C00EA38C8 /* 京城日报.app */,
			);
			name = Products;
			sourceTree = "<group>";
		};
		6D65BDF7241FB79C00EA38C8 /* 京城日报 */ = {
			isa = PBXGroup;
			children = (
				6D65BDF8241FB79C00EA38C8 /* AppDelegate.h */,
				6D65BDF9241FB79C00EA38C8 /* AppDelegate.m */,
				6D65BDFB241FB79C00EA38C8 /* SceneDelegate.h */,
				6D65BDFC241FB79C00EA38C8 /* SceneDelegate.m */,
				6D65BE07241FB79D00EA38C8 /* Assets.xcassets */,
				6D65BE09241FB79D00EA38C8 /* LaunchScreen.storyboard */,
				6D65BE0C241FB79D00EA38C8 /* Info.plist */,
				6D65BE0D241FB79D00EA38C8 /* main.m */,
				6D65BE01241FB79C00EA38C8 /* Main.storyboard */,
				6D65BE04241FB79C00EA38C8 /* ____.xcdatamodeld */,
				6D65BE6D241FCD1400EA38C8 /* Controllers */,
				6DDD967524230C6F003CF93C /* UITableViewReuse */,
				6D65BE16241FB9A700EA38C8 /* ImageSources */,
			);
			path = "京城日报";
			sourceTree = "<group>";
		};
		6D65BE16241FB9A700EA38C8 /* ImageSources */ = {
			isa = PBXGroup;
			children = (
				6D65BE7524201AFC00EA38C8 /* comment.png */,
				6D65BE7624201AFC00EA38C8 /* good.png */,
				6D65BE7424201AFC00EA38C8 /* share.png */,
				6D65BE7724201AFD00EA38C8 /* star.png */,
				6D65BE52241FBA0800EA38C8 /* back_black.png */,
				6D65BE3B241FBA0800EA38C8 /* back_white.png */,
				6D65BE4E241FBA0800EA38C8 /* back1.png */,
				6D65BE51241FBA0800EA38C8 /* liukanshan_circle.png */,
				6D65BE3F241FBA0800EA38C8 /* liukanshan.png */,
				6D65BE53241FBA0800EA38C8 /* moon.png */,
				6D65BE48241FBA0800EA38C8 /* scroll_0.jpg */,
				6D65BE50241FBA0800EA38C8 /* scroll_1.jpg */,
				6D65BE4F241FBA0800EA38C8 /* scroll_2.jpg */,
				6D65BE40241FBA0800EA38C8 /* scroll_3.jpg */,
				6D65BE4C241FBA0800EA38C8 /* scroll_4.jpg */,
				6D65BE4A241FBA0800EA38C8 /* setting.png */,
				6D65BE42241FBA0800EA38C8 /* sun.png */,
				6D65BE4B241FBA0800EA38C8 /* tab-0.jpg */,
				6D65BE44241FBA0800EA38C8 /* tab-1.jpg */,
				6D65BE45241FBA0800EA38C8 /* tab-2.jpg */,
				6D65BE41241FBA0800EA38C8 /* tab-3.jpg */,
				6D65BE3E241FBA0800EA38C8 /* tab-4.jpg */,
				6D65BE47241FBA0800EA38C8 /* tab-5.jpg */,
				6D65BE4D241FBA0800EA38C8 /* tab-6.jpg */,
				6D65BE3C241FBA0800EA38C8 /* tab-7.jpg */,
				6D65BE49241FBA0800EA38C8 /* tab-8.jpg */,
				6D65BE43241FBA0800EA38C8 /* verticalLine.png */,
				6D65BE3D241FBA0800EA38C8 /* weibo.png */,
				6D65BE46241FBA0800EA38C8 /* zhihu.png */,
			);
			path = ImageSources;
			sourceTree = "<group>";
		};
		6D65BE6D241FCD1400EA38C8 /* Controllers */ = {
			isa = PBXGroup;
			children = (
				6D65BDFE241FB79C00EA38C8 /* ViewController.h */,
				6D65BDFF241FB79C00EA38C8 /* ViewController.m */,
				6D65BE6E241FCD7200EA38C8 /* LoginViewController.h */,
				6D65BE6F241FCD7200EA38C8 /* LoginViewController.m */,
				6D65BE71241FDC5200EA38C8 /* ArticlePageController.h */,
				6D65BE72241FDC5200EA38C8 /* ArticlePageController.m */,
				6D65BE7C24204C2500EA38C8 /* WebsitePageController.h */,
				6D65BE7D24204C2500EA38C8 /* WebsitePageController.m */,
				6D65BE7F242089E600EA38C8 /* SettingPageController.h */,
				6D65BE80242089E600EA38C8 /* SettingPageController.m */,
			);
			path = Controllers;
			sourceTree = "<group>";
		};
		6DAD9FD924404CE100B25221 /* Products */ = {
			isa = PBXGroup;
			children = (
				6DAD9FDE24404CE100B25221 /* libMasonry.a */,
				6DAD9FE024404CE100B25221 /* libPods-京城日报.a */,
			);
			name = Products;
			sourceTree = "<group>";
		};
		6DDD967524230C6F003CF93C /* UITableViewReuse */ = {
			isa = PBXGroup;
			children = (
				6D4E9A4C2423C34200C6E908 /* ListModel_HomePage.h */,
				6D4E9A4D2423C34200C6E908 /* ListModel_HomePage.m */,
				6D4E9A4F2423C36E00C6E908 /* ListCell_HomePage.h */,
				6D4E9A502423C36E00C6E908 /* ListCell_HomePage.m */,
				6DDD9682242316EE003CF93C /* ListModel_FirstSection.h */,
				6DDD9683242316EE003CF93C /* ListModel_FirstSection.m */,
				6DDD967F242316C8003CF93C /* ListCell_FirstSection.h */,
				6DDD9680242316C8003CF93C /* ListCell_FirstSection.m */,
			);
			path = UITableViewReuse;
			sourceTree = "<group>";
		};
		AD71433C8677DF630E3933C9 /* Frameworks */ = {
			isa = PBXGroup;
			children = (
				6DAD9FD824404CE100B25221 /* Pods.xcodeproj */,
				F5664D8E9D02C339D55D0178 /* libPods-京城日报.a */,
			);
			name = Frameworks;
			sourceTree = "<group>";
		};
/* End PBXGroup section */

/* Begin PBXNativeTarget section */
		6D65BDF4241FB79C00EA38C8 /* 京城日报 */ = {
			isa = PBXNativeTarget;
			buildConfigurationList = 6D65BE11241FB79D00EA38C8 /* Build configuration list for PBXNativeTarget "京城日报" */;
			buildPhases = (
				514158D706148272897E5E87 /* [CP] Check Pods Manifest.lock */,
				6D65BDF1241FB79C00EA38C8 /* Sources */,
				6D65BDF2241FB79C00EA38C8 /* Frameworks */,
				6D65BDF3241FB79C00EA38C8 /* Resources */,
			);
			buildRules = (
			);
			dependencies = (
			);
			name = "京城日报";
			productName = "京城日报";
			productReference = 6D65BDF5241FB79C00EA38C8 /* 京城日报.app */;
			productType = "com.apple.product-type.application";
		};
/* End PBXNativeTarget section */

/* Begin PBXProject section */
		6D65BDED241FB79C00EA38C8 /* Project object */ = {
			isa = PBXProject;
			attributes = {
				LastUpgradeCheck = 1130;
				ORGANIZATIONNAME = "吴京城";
				TargetAttributes = {
					6D65BDF4241FB79C00EA38C8 = {
						CreatedOnToolsVersion = 11.3.1;
					};
				};
			};
			buildConfigurationList = 6D65BDF0241FB79C00EA38C8 /* Build configuration list for PBXProject "京城日报" */;
			compatibilityVersion = "Xcode 9.3";
			developmentRegion = en;
			hasScannedForEncodings = 0;
			knownRegions = (
				en,
				Base,
			);
			mainGroup = 6D65BDEC241FB79C00EA38C8;
			productRefGroup = 6D65BDF6241FB79C00EA38C8 /* Products */;
			projectDirPath = "";
			projectReferences = (
				{
					ProductGroup = 6DAD9FD924404CE100B25221 /* Products */;
					ProjectRef = 6DAD9FD824404CE100B25221 /* Pods.xcodeproj */;
				},
			);
			projectRoot = "";
			targets = (
				6D65BDF4241FB79C00EA38C8 /* 京城日报 */,
			);
		};
/* End PBXProject section */

/* Begin PBXReferenceProxy section */
		6DAD9FDE24404CE100B25221 /* libMasonry.a */ = {
			isa = PBXReferenceProxy;
			fileType = archive.ar;
			path = libMasonry.a;
			remoteRef = 6DAD9FDD24404CE100B25221 /* PBXContainerItemProxy */;
			sourceTree = BUILT_PRODUCTS_DIR;
		};
		6DAD9FE024404CE100B25221 /* libPods-京城日报.a */ = {
			isa = PBXReferenceProxy;
			fileType = archive.ar;
			path = "libPods-京城日报.a";
			remoteRef = 6DAD9FDF24404CE100B25221 /* PBXContainerItemProxy */;
			sourceTree = BUILT_PRODUCTS_DIR;
		};
/* End PBXReferenceProxy section */

/* Begin PBXResourcesBuildPhase section */
		6D65BDF3241FB79C00EA38C8 /* Resources */ = {
			isa = PBXResourcesBuildPhase;
			buildActionMask = 2147483647;
			files = (
				6D65BE64241FBA0900EA38C8 /* tab-0.jpg in Resources */,
				6D65BE7824201AFD00EA38C8 /* share.png in Resources */,
				6D65BE61241FBA0900EA38C8 /* scroll_0.jpg in Resources */,
				6D65BE0B241FB79D00EA38C8 /* LaunchScreen.storyboard in Resources */,
				6D65BE6B241FBA0900EA38C8 /* back_black.png in Resources */,
				6D65BE69241FBA0900EA38C8 /* scroll_1.jpg in Resources */,
				6D65BE68241FBA0900EA38C8 /* scroll_2.jpg in Resources */,
				6D65BE7924201AFD00EA38C8 /* comment.png in Resources */,
				6D65BE7A24201AFD00EA38C8 /* good.png in Resources */,
				6D65BE60241FBA0900EA38C8 /* tab-5.jpg in Resources */,
				6D65BE5B241FBA0900EA38C8 /* sun.png in Resources */,
				6D65BE55241FBA0900EA38C8 /* tab-7.jpg in Resources */,
				6D65BE56241FBA0900EA38C8 /* weibo.png in Resources */,
				6D65BE08241FB79D00EA38C8 /* Assets.xcassets in Resources */,
				6D65BE5C241FBA0900EA38C8 /* verticalLine.png in Resources */,
				6D65BE6A241FBA0900EA38C8 /* liukanshan_circle.png in Resources */,
				6D65BE65241FBA0900EA38C8 /* scroll_4.jpg in Resources */,
				6D65BE62241FBA0900EA38C8 /* tab-8.jpg in Resources */,
				6D65BE67241FBA0900EA38C8 /* back1.png in Resources */,
				6D65BE6C241FBA0900EA38C8 /* moon.png in Resources */,
				6D65BE54241FBA0900EA38C8 /* back_white.png in Resources */,
				6D65BE7B24201AFD00EA38C8 /* star.png in Resources */,
				6D65BE5D241FBA0900EA38C8 /* tab-1.jpg in Resources */,
				6D65BE03241FB79C00EA38C8 /* Main.storyboard in Resources */,
				6D65BE59241FBA0900EA38C8 /* scroll_3.jpg in Resources */,
				6D65BE57241FBA0900EA38C8 /* tab-4.jpg in Resources */,
				6D65BE63241FBA0900EA38C8 /* setting.png in Resources */,
				6D65BE58241FBA0900EA38C8 /* liukanshan.png in Resources */,
				6D65BE66241FBA0900EA38C8 /* tab-6.jpg in Resources */,
				6D65BE5E241FBA0900EA38C8 /* tab-2.jpg in Resources */,
				6D65BE5F241FBA0900EA38C8 /* zhihu.png in Resources */,
				6D65BE5A241FBA0900EA38C8 /* tab-3.jpg in Resources */,
			);
			runOnlyForDeploymentPostprocessing = 0;
		};
/* End PBXResourcesBuildPhase section */

/* Begin PBXShellScriptBuildPhase section */
		514158D706148272897E5E87 /* [CP] Check Pods Manifest.lock */ = {
			isa = PBXShellScriptBuildPhase;
			buildActionMask = 2147483647;
			files = (
			);
			inputFileListPaths = (
			);
			inputPaths = (
				"${PODS_PODFILE_DIR_PATH}/Podfile.lock",
				"${PODS_ROOT}/Manifest.lock",
			);
			name = "[CP] Check Pods Manifest.lock";
			outputFileListPaths = (
			);
			outputPaths = (
				"$(DERIVED_FILE_DIR)/Pods-京城日报-checkManifestLockResult.txt",
			);
			runOnlyForDeploymentPostprocessing = 0;
			shellPath = /bin/sh;
			shellScript = "diff \"${PODS_PODFILE_DIR_PATH}/Podfile.lock\" \"${PODS_ROOT}/Manifest.lock\" > /dev/null\nif [ $? != 0 ] ; then\n    # print error to STDERR\n    echo \"error: The sandbox is not in sync with the Podfile.lock. Run 'pod install' or update your CocoaPods installation.\" >&2\n    exit 1\nfi\n# This output is used by Xcode 'outputs' to avoid re-running this script phase.\necho \"SUCCESS\" > \"${SCRIPT_OUTPUT_FILE_0}\"\n";
			showEnvVarsInLog = 0;
		};
/* End PBXShellScriptBuildPhase section */

/* Begin PBXSourcesBuildPhase section */
		6D65BDF1241FB79C00EA38C8 /* Sources */ = {
			isa = PBXSourcesBuildPhase;
			buildActionMask = 2147483647;
			files = (
				6D65BE0E241FB79D00EA38C8 /* main.m in Sources */,
				6D65BE00241FB79C00EA38C8 /* ViewController.m in Sources */,
				6D65BE06241FB79C00EA38C8 /* ____.xcdatamodeld in Sources */,
				6DDD9684242316EE003CF93C /* ListModel_FirstSection.m in Sources */,
				6D65BDFA241FB79C00EA38C8 /* AppDelegate.m in Sources */,
				6D65BE81242089E600EA38C8 /* SettingPageController.m in Sources */,
				6D65BE70241FCD7200EA38C8 /* LoginViewController.m in Sources */,
				6D65BE73241FDC5200EA38C8 /* ArticlePageController.m in Sources */,
				6D4E9A512423C36E00C6E908 /* ListCell_HomePage.m in Sources */,
				6D4E9A4E2423C34200C6E908 /* ListModel_HomePage.m in Sources */,
				6DDD9681242316C8003CF93C /* ListCell_FirstSection.m in Sources */,
				6D65BDFD241FB79C00EA38C8 /* SceneDelegate.m in Sources */,
				6D65BE7E24204C2500EA38C8 /* WebsitePageController.m in Sources */,
			);
			runOnlyForDeploymentPostprocessing = 0;
		};
/* End PBXSourcesBuildPhase section */

/* Begin PBXVariantGroup section */
		6D65BE01241FB79C00EA38C8 /* Main.storyboard */ = {
			isa = PBXVariantGroup;
			children = (
				6D65BE02241FB79C00EA38C8 /* Base */,
			);
			name = Main.storyboard;
			sourceTree = "<group>";
		};
		6D65BE09241FB79D00EA38C8 /* LaunchScreen.storyboard */ = {
			isa = PBXVariantGroup;
			children = (
				6D65BE0A241FB79D00EA38C8 /* Base */,
			);
			name = LaunchScreen.storyboard;
			sourceTree = "<group>";
		};
/* End PBXVariantGroup section */

/* Begin XCBuildConfiguration section */
		6D65BE0F241FB79D00EA38C8 /* Debug */ = {
			isa = XCBuildConfiguration;
			buildSettings = {
				ALWAYS_SEARCH_USER_PATHS = NO;
				CLANG_ANALYZER_NONNULL = YES;
				CLANG_ANALYZER_NUMBER_OBJECT_CONVERSION = YES_AGGRESSIVE;
				CLANG_CXX_LANGUAGE_STANDARD = "gnu++14";
				CLANG_CXX_LIBRARY = "libc++";
				CLANG_ENABLE_MODULES = YES;
				CLANG_ENABLE_OBJC_ARC = YES;
				CLANG_ENABLE_OBJC_WEAK = YES;
				CLANG_WARN_BLOCK_CAPTURE_AUTORELEASING = YES;
				CLANG_WARN_BOOL_CONVERSION = YES;
				CLANG_WARN_COMMA = YES;
				CLANG_WARN_CONSTANT_CONVERSION = YES;
				CLANG_WARN_DEPRECATED_OBJC_IMPLEMENTATIONS = YES;
				CLANG_WARN_DIRECT_OBJC_ISA_USAGE = YES_ERROR;
				CLANG_WARN_DOCUMENTATION_COMMENTS = YES;
				CLANG_WARN_EMPTY_BODY = YES;
				CLANG_WARN_ENUM_CONVERSION = YES;
				CLANG_WARN_INFINITE_RECURSION = YES;
				CLANG_WARN_INT_CONVERSION = YES;
				CLANG_WARN_NON_LITERAL_NULL_CONVERSION = YES;
				CLANG_WARN_OBJC_IMPLICIT_RETAIN_SELF = YES;
				CLANG_WARN_OBJC_LITERAL_CONVERSION = YES;
				CLANG_WARN_OBJC_ROOT_CLASS = YES_ERROR;
				CLANG_WARN_RANGE_LOOP_ANALYSIS = YES;
				CLANG_WARN_STRICT_PROTOTYPES = YES;
				CLANG_WARN_SUSPICIOUS_MOVE = YES;
				CLANG_WARN_UNGUARDED_AVAILABILITY = YES_AGGRESSIVE;
				CLANG_WARN_UNREACHABLE_CODE = YES;
				CLANG_WARN__DUPLICATE_METHOD_MATCH = YES;
				COPY_PHASE_STRIP = NO;
				DEBUG_INFORMATION_FORMAT = dwarf;
				ENABLE_STRICT_OBJC_MSGSEND = YES;
				ENABLE_TESTABILITY = YES;
				GCC_C_LANGUAGE_STANDARD = gnu11;
				GCC_DYNAMIC_NO_PIC = NO;
				GCC_NO_COMMON_BLOCKS = YES;
				GCC_OPTIMIZATION_LEVEL = 0;
				GCC_PREPROCESSOR_DEFINITIONS = (
					"DEBUG=1",
					"$(inherited)",
				);
				GCC_WARN_64_TO_32_BIT_CONVERSION = YES;
				GCC_WARN_ABOUT_RETURN_TYPE = YES_ERROR;
				GCC_WARN_UNDECLARED_SELECTOR = YES;
				GCC_WARN_UNINITIALIZED_AUTOS = YES_AGGRESSIVE;
				GCC_WARN_UNUSED_FUNCTION = YES;
				GCC_WARN_UNUSED_VARIABLE = YES;
				IPHONEOS_DEPLOYMENT_TARGET = 13.2;
				MTL_ENABLE_DEBUG_INFO = INCLUDE_SOURCE;
				MTL_FAST_MATH = YES;
				ONLY_ACTIVE_ARCH = YES;
				SDKROOT = iphoneos;
			};
			name = Debug;
		};
		6D65BE10241FB79D00EA38C8 /* Release */ = {
			isa = XCBuildConfiguration;
			buildSettings = {
				ALWAYS_SEARCH_USER_PATHS = NO;
				CLANG_ANALYZER_NONNULL = YES;
				CLANG_ANALYZER_NUMBER_OBJECT_CONVERSION = YES_AGGRESSIVE;
				CLANG_CXX_LANGUAGE_STANDARD = "gnu++14";
				CLANG_CXX_LIBRARY = "libc++";
				CLANG_ENABLE_MODULES = YES;
				CLANG_ENABLE_OBJC_ARC = YES;
				CLANG_ENABLE_OBJC_WEAK = YES;
				CLANG_WARN_BLOCK_CAPTURE_AUTORELEASING = YES;
				CLANG_WARN_BOOL_CONVERSION = YES;
				CLANG_WARN_COMMA = YES;
				CLANG_WARN_CONSTANT_CONVERSION = YES;
				CLANG_WARN_DEPRECATED_OBJC_IMPLEMENTATIONS = YES;
				CLANG_WARN_DIRECT_OBJC_ISA_USAGE = YES_ERROR;
				CLANG_WARN_DOCUMENTATION_COMMENTS = YES;
				CLANG_WARN_EMPTY_BODY = YES;
				CLANG_WARN_ENUM_CONVERSION = YES;
				CLANG_WARN_INFINITE_RECURSION = YES;
				CLANG_WARN_INT_CONVERSION = YES;
				CLANG_WARN_NON_LITERAL_NULL_CONVERSION = YES;
				CLANG_WARN_OBJC_IMPLICIT_RETAIN_SELF = YES;
				CLANG_WARN_OBJC_LITERAL_CONVERSION = YES;
				CLANG_WARN_OBJC_ROOT_CLASS = YES_ERROR;
				CLANG_WARN_RANGE_LOOP_ANALYSIS = YES;
				CLANG_WARN_STRICT_PROTOTYPES = YES;
				CLANG_WARN_SUSPICIOUS_MOVE = YES;
				CLANG_WARN_UNGUARDED_AVAILABILITY = YES_AGGRESSIVE;
				CLANG_WARN_UNREACHABLE_CODE = YES;
				CLANG_WARN__DUPLICATE_METHOD_MATCH = YES;
				COPY_PHASE_STRIP = NO;
				DEBUG_INFORMATION_FORMAT = "dwarf-with-dsym";
				ENABLE_NS_ASSERTIONS = NO;
				ENABLE_STRICT_OBJC_MSGSEND = YES;
				GCC_C_LANGUAGE_STANDARD = gnu11;
				GCC_NO_COMMON_BLOCKS = YES;
				GCC_WARN_64_TO_32_BIT_CONVERSION = YES;
				GCC_WARN_ABOUT_RETURN_TYPE = YES_ERROR;
				GCC_WARN_UNDECLARED_SELECTOR = YES;
				GCC_WARN_UNINITIALIZED_AUTOS = YES_AGGRESSIVE;
				GCC_WARN_UNUSED_FUNCTION = YES;
				GCC_WARN_UNUSED_VARIABLE = YES;
				IPHONEOS_DEPLOYMENT_TARGET = 13.2;
				MTL_ENABLE_DEBUG_INFO = NO;
				MTL_FAST_MATH = YES;
				SDKROOT = iphoneos;
				VALIDATE_PRODUCT = YES;
			};
			name = Release;
		};
		6D65BE12241FB79D00EA38C8 /* Debug */ = {
			isa = XCBuildConfiguration;
			baseConfigurationReference = 716E1F84476A5665F0EA195C /* Pods-京城日报.debug.xcconfig */;
			buildSettings = {
				ASSETCATALOG_COMPILER_APPICON_NAME = AppIcon;
				CODE_SIGN_STYLE = Automatic;
				DEVELOPMENT_TEAM = AN63YNGB82;
				INFOPLIST_FILE = "京城日报/Info.plist";
				LD_RUNPATH_SEARCH_PATHS = (
					"$(inherited)",
					"@executable_path/Frameworks",
				);
				PRODUCT_BUNDLE_IDENTIFIER = "wujingcheng.----";
				PRODUCT_NAME = "$(TARGET_NAME)";
				TARGETED_DEVICE_FAMILY = 1;
			};
			name = Debug;
		};
		6D65BE13241FB79D00EA38C8 /* Release */ = {
			isa = XCBuildConfiguration;
			baseConfigurationReference = 218FEEB44A9DE9E593B2FB4D /* Pods-京城日报.release.xcconfig */;
			buildSettings = {
				ASSETCATALOG_COMPILER_APPICON_NAME = AppIcon;
				CODE_SIGN_STYLE = Automatic;
				DEVELOPMENT_TEAM = AN63YNGB82;
				INFOPLIST_FILE = "京城日报/Info.plist";
				LD_RUNPATH_SEARCH_PATHS = (
					"$(inherited)",
					"@executable_path/Frameworks",
				);
				PRODUCT_BUNDLE_IDENTIFIER = "wujingcheng.----";
				PRODUCT_NAME = "$(TARGET_NAME)";
				TARGETED_DEVICE_FAMILY = 1;
			};
			name = Release;
		};
/* End XCBuildConfiguration section */

/* Begin XCConfigurationList section */
		6D65BDF0241FB79C00EA38C8 /* Build configuration list for PBXProject "京城日报" */ = {
			isa = XCConfigurationList;
			buildConfigurations = (
				6D65BE0F241FB79D00EA38C8 /* Debug */,
				6D65BE10241FB79D00EA38C8 /* Release */,
			);
			defaultConfigurationIsVisible = 0;
			defaultConfigurationName = Release;
		};
		6D65BE11241FB79D00EA38C8 /* Build configuration list for PBXNativeTarget "京城日报" */ = {
			isa = XCConfigurationList;
			buildConfigurations = (
				6D65BE12241FB79D00EA38C8 /* Debug */,
				6D65BE13241FB79D00EA38C8 /* Release */,
			);
			defaultConfigurationIsVisible = 0;
			defaultConfigurationName = Release;
		};
/* End XCConfigurationList section */

/* Begin XCVersionGroup section */
		6D65BE04241FB79C00EA38C8 /* ____.xcdatamodeld */ = {
			isa = XCVersionGroup;
			children = (
				6D65BE05241FB79C00EA38C8 /* ____.xcdatamodel */,
			);
			currentVersion = 6D65BE05241FB79C00EA38C8 /* ____.xcdatamodel */;
			path = "____.xcdatamodeld";
			sourceTree = "<group>";
			versionGroupType = wrapper.xcdatamodel;
		};
/* End XCVersionGroup section */
	};
	rootObject = 6D65BDED241FB79C00EA38C8 /* Project object */;
}
